// !$*UTF8*$!
{
	archiveVersion = 1;
	classes = {
	};
	objectVersion = 56;
	objects = {

/* Begin PBXBuildFile section */
		9D3043192B4A433D005C16C5 /* AppDelegate.swift in Sources */ = {isa = PBXBuildFile; fileRef = 9D3043182B4A433D005C16C5 /* AppDelegate.swift */; };
		9D30431B2B4A433D005C16C5 /* SceneDelegate.swift in Sources */ = {isa = PBXBuildFile; fileRef = 9D30431A2B4A433D005C16C5 /* SceneDelegate.swift */; };
		9D30431D2B4A433D005C16C5 /* ViewController.swift in Sources */ = {isa = PBXBuildFile; fileRef = 9D30431C2B4A433D005C16C5 /* ViewController.swift */; };
		9D3043222B4A433D005C16C5 /* Assets.xcassets in Resources */ = {isa = PBXBuildFile; fileRef = 9D3043212B4A433D005C16C5 /* Assets.xcassets */; };
		9D3043252B4A433E005C16C5 /* LaunchScreen.storyboard in Resources */ = {isa = PBXBuildFile; fileRef = 9D3043232B4A433E005C16C5 /* LaunchScreen.storyboard */; };
		9D30432F2B4A47E6005C16C5 /* GoogleService-Info.plist in Resources */ = {isa = PBXBuildFile; fileRef = 9D30432E2B4A47E6005C16C5 /* GoogleService-Info.plist */; };
		9D3043322B4A48AA005C16C5 /* FirebaseAnalytics in Frameworks */ = {isa = PBXBuildFile; productRef = 9D3043312B4A48AA005C16C5 /* FirebaseAnalytics */; };
		9D3043342B4A48AA005C16C5 /* FirebaseAnalyticsOnDeviceConversion in Frameworks */ = {isa = PBXBuildFile; productRef = 9D3043332B4A48AA005C16C5 /* FirebaseAnalyticsOnDeviceConversion */; };
		9D3043362B4A48AA005C16C5 /* FirebaseAnalyticsSwift in Frameworks */ = {isa = PBXBuildFile; productRef = 9D3043352B4A48AA005C16C5 /* FirebaseAnalyticsSwift */; };
		9D3043382B4A48AA005C16C5 /* FirebaseAnalyticsWithoutAdIdSupport in Frameworks */ = {isa = PBXBuildFile; productRef = 9D3043372B4A48AA005C16C5 /* FirebaseAnalyticsWithoutAdIdSupport */; };
		9D30433A2B4A48AA005C16C5 /* FirebaseAppCheck in Frameworks */ = {isa = PBXBuildFile; productRef = 9D3043392B4A48AA005C16C5 /* FirebaseAppCheck */; };
		9D30433C2B4A48AA005C16C5 /* FirebaseAppDistribution-Beta in Frameworks */ = {isa = PBXBuildFile; productRef = 9D30433B2B4A48AA005C16C5 /* FirebaseAppDistribution-Beta */; };
		9D30433E2B4A48AA005C16C5 /* FirebaseAuth in Frameworks */ = {isa = PBXBuildFile; productRef = 9D30433D2B4A48AA005C16C5 /* FirebaseAuth */; };
		9D3043402B4A48AA005C16C5 /* FirebaseAuthCombine-Community in Frameworks */ = {isa = PBXBuildFile; productRef = 9D30433F2B4A48AA005C16C5 /* FirebaseAuthCombine-Community */; };
		9D3043422B4A48AA005C16C5 /* FirebaseCrashlytics in Frameworks */ = {isa = PBXBuildFile; productRef = 9D3043412B4A48AA005C16C5 /* FirebaseCrashlytics */; };
		9D3043442B4A48AA005C16C5 /* FirebaseDatabase in Frameworks */ = {isa = PBXBuildFile; productRef = 9D3043432B4A48AA005C16C5 /* FirebaseDatabase */; };
		9D3043462B4A48AA005C16C5 /* FirebaseDatabaseSwift in Frameworks */ = {isa = PBXBuildFile; productRef = 9D3043452B4A48AA005C16C5 /* FirebaseDatabaseSwift */; };
		9D3043482B4A48AA005C16C5 /* FirebaseDynamicLinks in Frameworks */ = {isa = PBXBuildFile; productRef = 9D3043472B4A48AA005C16C5 /* FirebaseDynamicLinks */; };
		9D30434A2B4A48AA005C16C5 /* FirebaseFirestore in Frameworks */ = {isa = PBXBuildFile; productRef = 9D3043492B4A48AA005C16C5 /* FirebaseFirestore */; };
		9D30434C2B4A48AA005C16C5 /* FirebaseFirestoreCombine-Community in Frameworks */ = {isa = PBXBuildFile; productRef = 9D30434B2B4A48AA005C16C5 /* FirebaseFirestoreCombine-Community */; };
		9D30434E2B4A48AA005C16C5 /* FirebaseFirestoreSwift in Frameworks */ = {isa = PBXBuildFile; productRef = 9D30434D2B4A48AA005C16C5 /* FirebaseFirestoreSwift */; };
		9D3043502B4A48AA005C16C5 /* FirebaseFunctions in Frameworks */ = {isa = PBXBuildFile; productRef = 9D30434F2B4A48AA005C16C5 /* FirebaseFunctions */; };
		9D3043522B4A48AA005C16C5 /* FirebaseFunctionsCombine-Community in Frameworks */ = {isa = PBXBuildFile; productRef = 9D3043512B4A48AA005C16C5 /* FirebaseFunctionsCombine-Community */; };
		9D3043542B4A48AA005C16C5 /* FirebaseInAppMessaging-Beta in Frameworks */ = {isa = PBXBuildFile; productRef = 9D3043532B4A48AA005C16C5 /* FirebaseInAppMessaging-Beta */; };
		9D3043562B4A48AA005C16C5 /* FirebaseInAppMessagingSwift-Beta in Frameworks */ = {isa = PBXBuildFile; productRef = 9D3043552B4A48AA005C16C5 /* FirebaseInAppMessagingSwift-Beta */; };
		9D3043582B4A48AA005C16C5 /* FirebaseInstallations in Frameworks */ = {isa = PBXBuildFile; productRef = 9D3043572B4A48AA005C16C5 /* FirebaseInstallations */; };
		9D30435A2B4A48AA005C16C5 /* FirebaseMLModelDownloader in Frameworks */ = {isa = PBXBuildFile; productRef = 9D3043592B4A48AA005C16C5 /* FirebaseMLModelDownloader */; };
		9D30435C2B4A48AA005C16C5 /* FirebaseMessaging in Frameworks */ = {isa = PBXBuildFile; productRef = 9D30435B2B4A48AA005C16C5 /* FirebaseMessaging */; };
		9D30435E2B4A48AA005C16C5 /* FirebasePerformance in Frameworks */ = {isa = PBXBuildFile; productRef = 9D30435D2B4A48AA005C16C5 /* FirebasePerformance */; };
		9D3043602B4A48AA005C16C5 /* FirebaseRemoteConfig in Frameworks */ = {isa = PBXBuildFile; productRef = 9D30435F2B4A48AA005C16C5 /* FirebaseRemoteConfig */; };
		9D3043622B4A48AA005C16C5 /* FirebaseRemoteConfigSwift in Frameworks */ = {isa = PBXBuildFile; productRef = 9D3043612B4A48AA005C16C5 /* FirebaseRemoteConfigSwift */; };
		9D3043642B4A48AA005C16C5 /* FirebaseStorage in Frameworks */ = {isa = PBXBuildFile; productRef = 9D3043632B4A48AA005C16C5 /* FirebaseStorage */; };
		9D3043662B4A48AA005C16C5 /* FirebaseStorageCombine-Community in Frameworks */ = {isa = PBXBuildFile; productRef = 9D3043652B4A48AA005C16C5 /* FirebaseStorageCombine-Community */; };
		9D3043692B4A5026005C16C5 /* RegisterViewController.swift in Sources */ = {isa = PBXBuildFile; fileRef = 9D3043682B4A5026005C16C5 /* RegisterViewController.swift */; };
		9D30436C2B4A5D0A005C16C5 /* CustomExtensions.swift in Sources */ = {isa = PBXBuildFile; fileRef = 9D30436B2B4A5D0A005C16C5 /* CustomExtensions.swift */; };
		9D30436E2B4A6C50005C16C5 /* ImagePickerVC.swift in Sources */ = {isa = PBXBuildFile; fileRef = 9D30436D2B4A6C50005C16C5 /* ImagePickerVC.swift */; };
		9D3043702B4A7029005C16C5 /* AlertVC.swift in Sources */ = {isa = PBXBuildFile; fileRef = 9D30436F2B4A7029005C16C5 /* AlertVC.swift */; };
		9D3043722B4A731F005C16C5 /* Strings+Extensions.swift in Sources */ = {isa = PBXBuildFile; fileRef = 9D3043712B4A731F005C16C5 /* Strings+Extensions.swift */; };
		9D3043752B4A7696005C16C5 /* DatabaseManager.swift in Sources */ = {isa = PBXBuildFile; fileRef = 9D3043742B4A7696005C16C5 /* DatabaseManager.swift */; };
		9D3043772B4A7E42005C16C5 /* StorageManager.swift in Sources */ = {isa = PBXBuildFile; fileRef = 9D3043762B4A7E42005C16C5 /* StorageManager.swift */; };
/* End PBXBuildFile section */

/* Begin PBXFileReference section */
		9D3043152B4A433D005C16C5 /* Chat.app */ = {isa = PBXFileReference; explicitFileType = wrapper.application; includeInIndex = 0; path = Chat.app; sourceTree = BUILT_PRODUCTS_DIR; };
		9D3043182B4A433D005C16C5 /* AppDelegate.swift */ = {isa = PBXFileReference; lastKnownFileType = sourcecode.swift; path = AppDelegate.swift; sourceTree = "<group>"; };
		9D30431A2B4A433D005C16C5 /* SceneDelegate.swift */ = {isa = PBXFileReference; lastKnownFileType = sourcecode.swift; path = SceneDelegate.swift; sourceTree = "<group>"; };
		9D30431C2B4A433D005C16C5 /* ViewController.swift */ = {isa = PBXFileReference; lastKnownFileType = sourcecode.swift; path = ViewController.swift; sourceTree = "<group>"; };
		9D3043212B4A433D005C16C5 /* Assets.xcassets */ = {isa = PBXFileReference; lastKnownFileType = folder.assetcatalog; path = Assets.xcassets; sourceTree = "<group>"; };
		9D3043242B4A433E005C16C5 /* Base */ = {isa = PBXFileReference; lastKnownFileType = file.storyboard; name = Base; path = Base.lproj/LaunchScreen.storyboard; sourceTree = "<group>"; };
		9D3043262B4A433E005C16C5 /* Info.plist */ = {isa = PBXFileReference; lastKnownFileType = text.plist.xml; path = Info.plist; sourceTree = "<group>"; };
		9D30432E2B4A47E6005C16C5 /* GoogleService-Info.plist */ = {isa = PBXFileReference; fileEncoding = 4; lastKnownFileType = text.plist.xml; path = "GoogleService-Info.plist"; sourceTree = "<group>"; };
		9D3043682B4A5026005C16C5 /* RegisterViewController.swift */ = {isa = PBXFileReference; lastKnownFileType = sourcecode.swift; path = RegisterViewController.swift; sourceTree = "<group>"; };
		9D30436B2B4A5D0A005C16C5 /* CustomExtensions.swift */ = {isa = PBXFileReference; lastKnownFileType = sourcecode.swift; path = CustomExtensions.swift; sourceTree = "<group>"; };
		9D30436D2B4A6C50005C16C5 /* ImagePickerVC.swift */ = {isa = PBXFileReference; lastKnownFileType = sourcecode.swift; path = ImagePickerVC.swift; sourceTree = "<group>"; };
		9D30436F2B4A7029005C16C5 /* AlertVC.swift */ = {isa = PBXFileReference; lastKnownFileType = sourcecode.swift; path = AlertVC.swift; sourceTree = "<group>"; };
		9D3043712B4A731F005C16C5 /* Strings+Extensions.swift */ = {isa = PBXFileReference; lastKnownFileType = sourcecode.swift; path = "Strings+Extensions.swift"; sourceTree = "<group>"; };
		9D3043742B4A7696005C16C5 /* DatabaseManager.swift */ = {isa = PBXFileReference; lastKnownFileType = sourcecode.swift; path = DatabaseManager.swift; sourceTree = "<group>"; };
		9D3043762B4A7E42005C16C5 /* StorageManager.swift */ = {isa = PBXFileReference; lastKnownFileType = sourcecode.swift; path = StorageManager.swift; sourceTree = "<group>"; };
/* End PBXFileReference section */

/* Begin PBXFrameworksBuildPhase section */
		9D3043122B4A433D005C16C5 /* Frameworks */ = {
			isa = PBXFrameworksBuildPhase;
			buildActionMask = 2147483647;
			files = (
				9D3043442B4A48AA005C16C5 /* FirebaseDatabase in Frameworks */,
				9D3043522B4A48AA005C16C5 /* FirebaseFunctionsCombine-Community in Frameworks */,
				9D30434A2B4A48AA005C16C5 /* FirebaseFirestore in Frameworks */,
				9D3043362B4A48AA005C16C5 /* FirebaseAnalyticsSwift in Frameworks */,
				9D3043322B4A48AA005C16C5 /* FirebaseAnalytics in Frameworks */,
				9D3043342B4A48AA005C16C5 /* FirebaseAnalyticsOnDeviceConversion in Frameworks */,
				9D30435A2B4A48AA005C16C5 /* FirebaseMLModelDownloader in Frameworks */,
				9D30434E2B4A48AA005C16C5 /* FirebaseFirestoreSwift in Frameworks */,
				9D30433A2B4A48AA005C16C5 /* FirebaseAppCheck in Frameworks */,
				9D3043382B4A48AA005C16C5 /* FirebaseAnalyticsWithoutAdIdSupport in Frameworks */,
				9D30433E2B4A48AA005C16C5 /* FirebaseAuth in Frameworks */,
				9D3043422B4A48AA005C16C5 /* FirebaseCrashlytics in Frameworks */,
				9D3043622B4A48AA005C16C5 /* FirebaseRemoteConfigSwift in Frameworks */,
				9D3043542B4A48AA005C16C5 /* FirebaseInAppMessaging-Beta in Frameworks */,
				9D3043462B4A48AA005C16C5 /* FirebaseDatabaseSwift in Frameworks */,
				9D3043502B4A48AA005C16C5 /* FirebaseFunctions in Frameworks */,
				9D3043662B4A48AA005C16C5 /* FirebaseStorageCombine-Community in Frameworks */,
				9D3043602B4A48AA005C16C5 /* FirebaseRemoteConfig in Frameworks */,
				9D30433C2B4A48AA005C16C5 /* FirebaseAppDistribution-Beta in Frameworks */,
				9D3043402B4A48AA005C16C5 /* FirebaseAuthCombine-Community in Frameworks */,
				9D30435E2B4A48AA005C16C5 /* FirebasePerformance in Frameworks */,
				9D3043562B4A48AA005C16C5 /* FirebaseInAppMessagingSwift-Beta in Frameworks */,
				9D3043642B4A48AA005C16C5 /* FirebaseStorage in Frameworks */,
				9D3043482B4A48AA005C16C5 /* FirebaseDynamicLinks in Frameworks */,
				9D30434C2B4A48AA005C16C5 /* FirebaseFirestoreCombine-Community in Frameworks */,
				9D30435C2B4A48AA005C16C5 /* FirebaseMessaging in Frameworks */,
				9D3043582B4A48AA005C16C5 /* FirebaseInstallations in Frameworks */,
			);
			runOnlyForDeploymentPostprocessing = 0;
		};
/* End PBXFrameworksBuildPhase section */

/* Begin PBXGroup section */
		9D30430C2B4A433D005C16C5 = {
			isa = PBXGroup;
			children = (
				9D3043172B4A433D005C16C5 /* Chat */,
				9D3043162B4A433D005C16C5 /* Products */,
			);
			sourceTree = "<group>";
		};
		9D3043162B4A433D005C16C5 /* Products */ = {
			isa = PBXGroup;
			children = (
				9D3043152B4A433D005C16C5 /* Chat.app */,
			);
			name = Products;
			sourceTree = "<group>";
		};
		9D3043172B4A433D005C16C5 /* Chat */ = {
			isa = PBXGroup;
			children = (
				9D30432C2B4A4404005C16C5 /* MainResources */,
				9D30432D2B4A4411005C16C5 /* Views */,
			);
			path = Chat;
			sourceTree = "<group>";
		};
		9D30432C2B4A4404005C16C5 /* MainResources */ = {
			isa = PBXGroup;
			children = (
				9D3043182B4A433D005C16C5 /* AppDelegate.swift */,
				9D30431A2B4A433D005C16C5 /* SceneDelegate.swift */,
				9D3043212B4A433D005C16C5 /* Assets.xcassets */,
				9D3043232B4A433E005C16C5 /* LaunchScreen.storyboard */,
				9D3043262B4A433E005C16C5 /* Info.plist */,
				9D30432E2B4A47E6005C16C5 /* GoogleService-Info.plist */,
			);
			path = MainResources;
			sourceTree = "<group>";
		};
		9D30432D2B4A4411005C16C5 /* Views */ = {
			isa = PBXGroup;
			children = (
				9D3043732B4A767A005C16C5 /* Manager */,
				9D30436A2B4A5CF3005C16C5 /* CustomExtensions */,
				9D3043672B4A4FFE005C16C5 /* Login */,
				9D30431C2B4A433D005C16C5 /* ViewController.swift */,
			);
			path = Views;
			sourceTree = "<group>";
		};
		9D3043672B4A4FFE005C16C5 /* Login */ = {
			isa = PBXGroup;
			children = (
				9D3043682B4A5026005C16C5 /* RegisterViewController.swift */,
			);
			path = Login;
			sourceTree = "<group>";
		};
		9D30436A2B4A5CF3005C16C5 /* CustomExtensions */ = {
			isa = PBXGroup;
			children = (
				9D30436B2B4A5D0A005C16C5 /* CustomExtensions.swift */,
				9D30436D2B4A6C50005C16C5 /* ImagePickerVC.swift */,
				9D30436F2B4A7029005C16C5 /* AlertVC.swift */,
				9D3043712B4A731F005C16C5 /* Strings+Extensions.swift */,
			);
			path = CustomExtensions;
			sourceTree = "<group>";
		};
		9D3043732B4A767A005C16C5 /* Manager */ = {
			isa = PBXGroup;
			children = (
				9D3043742B4A7696005C16C5 /* DatabaseManager.swift */,
				9D3043762B4A7E42005C16C5 /* StorageManager.swift */,
			);
			path = Manager;
			sourceTree = "<group>";
		};
/* End PBXGroup section */

/* Begin PBXNativeTarget section */
		9D3043142B4A433D005C16C5 /* Chat */ = {
			isa = PBXNativeTarget;
			buildConfigurationList = 9D3043292B4A433E005C16C5 /* Build configuration list for PBXNativeTarget "Chat" */;
			buildPhases = (
				9D3043112B4A433D005C16C5 /* Sources */,
				9D3043122B4A433D005C16C5 /* Frameworks */,
				9D3043132B4A433D005C16C5 /* Resources */,
			);
			buildRules = (
			);
			dependencies = (
			);
			name = Chat;
			packageProductDependencies = (
				9D3043312B4A48AA005C16C5 /* FirebaseAnalytics */,
				9D3043332B4A48AA005C16C5 /* FirebaseAnalyticsOnDeviceConversion */,
				9D3043352B4A48AA005C16C5 /* FirebaseAnalyticsSwift */,
				9D3043372B4A48AA005C16C5 /* FirebaseAnalyticsWithoutAdIdSupport */,
				9D3043392B4A48AA005C16C5 /* FirebaseAppCheck */,
				9D30433B2B4A48AA005C16C5 /* FirebaseAppDistribution-Beta */,
				9D30433D2B4A48AA005C16C5 /* FirebaseAuth */,
				9D30433F2B4A48AA005C16C5 /* FirebaseAuthCombine-Community */,
				9D3043412B4A48AA005C16C5 /* FirebaseCrashlytics */,
				9D3043432B4A48AA005C16C5 /* FirebaseDatabase */,
				9D3043452B4A48AA005C16C5 /* FirebaseDatabaseSwift */,
				9D3043472B4A48AA005C16C5 /* FirebaseDynamicLinks */,
				9D3043492B4A48AA005C16C5 /* FirebaseFirestore */,
				9D30434B2B4A48AA005C16C5 /* FirebaseFirestoreCombine-Community */,
				9D30434D2B4A48AA005C16C5 /* FirebaseFirestoreSwift */,
				9D30434F2B4A48AA005C16C5 /* FirebaseFunctions */,
				9D3043512B4A48AA005C16C5 /* FirebaseFunctionsCombine-Community */,
				9D3043532B4A48AA005C16C5 /* FirebaseInAppMessaging-Beta */,
				9D3043552B4A48AA005C16C5 /* FirebaseInAppMessagingSwift-Beta */,
				9D3043572B4A48AA005C16C5 /* FirebaseInstallations */,
				9D3043592B4A48AA005C16C5 /* FirebaseMLModelDownloader */,
				9D30435B2B4A48AA005C16C5 /* FirebaseMessaging */,
				9D30435D2B4A48AA005C16C5 /* FirebasePerformance */,
				9D30435F2B4A48AA005C16C5 /* FirebaseRemoteConfig */,
				9D3043612B4A48AA005C16C5 /* FirebaseRemoteConfigSwift */,
				9D3043632B4A48AA005C16C5 /* FirebaseStorage */,
				9D3043652B4A48AA005C16C5 /* FirebaseStorageCombine-Community */,
			);
			productName = Chat;
			productReference = 9D3043152B4A433D005C16C5 /* Chat.app */;
			productType = "com.apple.product-type.application";
		};
/* End PBXNativeTarget section */

/* Begin PBXProject section */
		9D30430D2B4A433D005C16C5 /* Project object */ = {
			isa = PBXProject;
			attributes = {
				BuildIndependentTargetsInParallel = 1;
				LastSwiftUpdateCheck = 1510;
				LastUpgradeCheck = 1510;
				TargetAttributes = {
					9D3043142B4A433D005C16C5 = {
						CreatedOnToolsVersion = 15.1;
					};
				};
			};
			buildConfigurationList = 9D3043102B4A433D005C16C5 /* Build configuration list for PBXProject "Chat" */;
			compatibilityVersion = "Xcode 14.0";
			developmentRegion = en;
			hasScannedForEncodings = 0;
			knownRegions = (
				en,
				Base,
			);
			mainGroup = 9D30430C2B4A433D005C16C5;
			packageReferences = (
				9D3043302B4A48AA005C16C5 /* XCRemoteSwiftPackageReference "firebase-ios-sdk" */,
			);
			productRefGroup = 9D3043162B4A433D005C16C5 /* Products */;
			projectDirPath = "";
			projectRoot = "";
			targets = (
				9D3043142B4A433D005C16C5 /* Chat */,
			);
		};
/* End PBXProject section */

/* Begin PBXResourcesBuildPhase section */
		9D3043132B4A433D005C16C5 /* Resources */ = {
			isa = PBXResourcesBuildPhase;
			buildActionMask = 2147483647;
			files = (
				9D3043252B4A433E005C16C5 /* LaunchScreen.storyboard in Resources */,
				9D3043222B4A433D005C16C5 /* Assets.xcassets in Resources */,
				9D30432F2B4A47E6005C16C5 /* GoogleService-Info.plist in Resources */,
			);
			runOnlyForDeploymentPostprocessing = 0;
		};
/* End PBXResourcesBuildPhase section */

/* Begin PBXSourcesBuildPhase section */
		9D3043112B4A433D005C16C5 /* Sources */ = {
			isa = PBXSourcesBuildPhase;
			buildActionMask = 2147483647;
			files = (
				9D3043722B4A731F005C16C5 /* Strings+Extensions.swift in Sources */,
				9D30431D2B4A433D005C16C5 /* ViewController.swift in Sources */,
				9D3043192B4A433D005C16C5 /* AppDelegate.swift in Sources */,
				9D30436E2B4A6C50005C16C5 /* ImagePickerVC.swift in Sources */,
				9D30436C2B4A5D0A005C16C5 /* CustomExtensions.swift in Sources */,
				9D30431B2B4A433D005C16C5 /* SceneDelegate.swift in Sources */,
				9D3043692B4A5026005C16C5 /* RegisterViewController.swift in Sources */,
				9D3043772B4A7E42005C16C5 /* StorageManager.swift in Sources */,
				9D3043702B4A7029005C16C5 /* AlertVC.swift in Sources */,
				9D3043752B4A7696005C16C5 /* DatabaseManager.swift in Sources */,
			);
			runOnlyForDeploymentPostprocessing = 0;
		};
/* End PBXSourcesBuildPhase section */

/* Begin PBXVariantGroup section */
		9D3043232B4A433E005C16C5 /* LaunchScreen.storyboard */ = {
			isa = PBXVariantGroup;
			children = (
				9D3043242B4A433E005C16C5 /* Base */,
			);
			name = LaunchScreen.storyboard;
			sourceTree = "<group>";
		};
/* End PBXVariantGroup section */

/* Begin XCBuildConfiguration section */
		9D3043272B4A433E005C16C5 /* Debug */ = {
			isa = XCBuildConfiguration;
			buildSettings = {
				ALWAYS_SEARCH_USER_PATHS = NO;
				ASSETCATALOG_COMPILER_GENERATE_SWIFT_ASSET_SYMBOL_EXTENSIONS = YES;
				CLANG_ANALYZER_NONNULL = YES;
				CLANG_ANALYZER_NUMBER_OBJECT_CONVERSION = YES_AGGRESSIVE;
				CLANG_CXX_LANGUAGE_STANDARD = "gnu++20";
				CLANG_ENABLE_MODULES = YES;
				CLANG_ENABLE_OBJC_ARC = YES;
				CLANG_ENABLE_OBJC_WEAK = YES;
				CLANG_WARN_BLOCK_CAPTURE_AUTORELEASING = YES;
				CLANG_WARN_BOOL_CONVERSION = YES;
				CLANG_WARN_COMMA = YES;
				CLANG_WARN_CONSTANT_CONVERSION = YES;
				CLANG_WARN_DEPRECATED_OBJC_IMPLEMENTATIONS = YES;
				CLANG_WARN_DIRECT_OBJC_ISA_USAGE = YES_ERROR;
				CLANG_WARN_DOCUMENTATION_COMMENTS = YES;
				CLANG_WARN_EMPTY_BODY = YES;
				CLANG_WARN_ENUM_CONVERSION = YES;
				CLANG_WARN_INFINITE_RECURSION = YES;
				CLANG_WARN_INT_CONVERSION = YES;
				CLANG_WARN_NON_LITERAL_NULL_CONVERSION = YES;
				CLANG_WARN_OBJC_IMPLICIT_RETAIN_SELF = YES;
				CLANG_WARN_OBJC_LITERAL_CONVERSION = YES;
				CLANG_WARN_OBJC_ROOT_CLASS = YES_ERROR;
				CLANG_WARN_QUOTED_INCLUDE_IN_FRAMEWORK_HEADER = YES;
				CLANG_WARN_RANGE_LOOP_ANALYSIS = YES;
				CLANG_WARN_STRICT_PROTOTYPES = YES;
				CLANG_WARN_SUSPICIOUS_MOVE = YES;
				CLANG_WARN_UNGUARDED_AVAILABILITY = YES_AGGRESSIVE;
				CLANG_WARN_UNREACHABLE_CODE = YES;
				CLANG_WARN__DUPLICATE_METHOD_MATCH = YES;
				COPY_PHASE_STRIP = NO;
				DEBUG_INFORMATION_FORMAT = dwarf;
				ENABLE_STRICT_OBJC_MSGSEND = YES;
				ENABLE_TESTABILITY = YES;
				ENABLE_USER_SCRIPT_SANDBOXING = YES;
				GCC_C_LANGUAGE_STANDARD = gnu17;
				GCC_DYNAMIC_NO_PIC = NO;
				GCC_NO_COMMON_BLOCKS = YES;
				GCC_OPTIMIZATION_LEVEL = 0;
				GCC_PREPROCESSOR_DEFINITIONS = (
					"DEBUG=1",
					"$(inherited)",
				);
				GCC_WARN_64_TO_32_BIT_CONVERSION = YES;
				GCC_WARN_ABOUT_RETURN_TYPE = YES_ERROR;
				GCC_WARN_UNDECLARED_SELECTOR = YES;
				GCC_WARN_UNINITIALIZED_AUTOS = YES_AGGRESSIVE;
				GCC_WARN_UNUSED_FUNCTION = YES;
				GCC_WARN_UNUSED_VARIABLE = YES;
				IPHONEOS_DEPLOYMENT_TARGET = 16.0;
				LOCALIZATION_PREFERS_STRING_CATALOGS = YES;
				MTL_ENABLE_DEBUG_INFO = INCLUDE_SOURCE;
				MTL_FAST_MATH = YES;
				ONLY_ACTIVE_ARCH = YES;
				SDKROOT = iphoneos;
				SWIFT_ACTIVE_COMPILATION_CONDITIONS = "DEBUG $(inherited)";
				SWIFT_OPTIMIZATION_LEVEL = "-Onone";
			};
			name = Debug;
		};
		9D3043282B4A433E005C16C5 /* Release */ = {
			isa = XCBuildConfiguration;
			buildSettings = {
				ALWAYS_SEARCH_USER_PATHS = NO;
				ASSETCATALOG_COMPILER_GENERATE_SWIFT_ASSET_SYMBOL_EXTENSIONS = YES;
				CLANG_ANALYZER_NONNULL = YES;
				CLANG_ANALYZER_NUMBER_OBJECT_CONVERSION = YES_AGGRESSIVE;
				CLANG_CXX_LANGUAGE_STANDARD = "gnu++20";
				CLANG_ENABLE_MODULES = YES;
				CLANG_ENABLE_OBJC_ARC = YES;
				CLANG_ENABLE_OBJC_WEAK = YES;
				CLANG_WARN_BLOCK_CAPTURE_AUTORELEASING = YES;
				CLANG_WARN_BOOL_CONVERSION = YES;
				CLANG_WARN_COMMA = YES;
				CLANG_WARN_CONSTANT_CONVERSION = YES;
				CLANG_WARN_DEPRECATED_OBJC_IMPLEMENTATIONS = YES;
				CLANG_WARN_DIRECT_OBJC_ISA_USAGE = YES_ERROR;
				CLANG_WARN_DOCUMENTATION_COMMENTS = YES;
				CLANG_WARN_EMPTY_BODY = YES;
				CLANG_WARN_ENUM_CONVERSION = YES;
				CLANG_WARN_INFINITE_RECURSION = YES;
				CLANG_WARN_INT_CONVERSION = YES;
				CLANG_WARN_NON_LITERAL_NULL_CONVERSION = YES;
				CLANG_WARN_OBJC_IMPLICIT_RETAIN_SELF = YES;
				CLANG_WARN_OBJC_LITERAL_CONVERSION = YES;
				CLANG_WARN_OBJC_ROOT_CLASS = YES_ERROR;
				CLANG_WARN_QUOTED_INCLUDE_IN_FRAMEWORK_HEADER = YES;
				CLANG_WARN_RANGE_LOOP_ANALYSIS = YES;
				CLANG_WARN_STRICT_PROTOTYPES = YES;
				CLANG_WARN_SUSPICIOUS_MOVE = YES;
				CLANG_WARN_UNGUARDED_AVAILABILITY = YES_AGGRESSIVE;
				CLANG_WARN_UNREACHABLE_CODE = YES;
				CLANG_WARN__DUPLICATE_METHOD_MATCH = YES;
				COPY_PHASE_STRIP = NO;
				DEBUG_INFORMATION_FORMAT = "dwarf-with-dsym";
				ENABLE_NS_ASSERTIONS = NO;
				ENABLE_STRICT_OBJC_MSGSEND = YES;
				ENABLE_USER_SCRIPT_SANDBOXING = YES;
				GCC_C_LANGUAGE_STANDARD = gnu17;
				GCC_NO_COMMON_BLOCKS = YES;
				GCC_WARN_64_TO_32_BIT_CONVERSION = YES;
				GCC_WARN_ABOUT_RETURN_TYPE = YES_ERROR;
				GCC_WARN_UNDECLARED_SELECTOR = YES;
				GCC_WARN_UNINITIALIZED_AUTOS = YES_AGGRESSIVE;
				GCC_WARN_UNUSED_FUNCTION = YES;
				GCC_WARN_UNUSED_VARIABLE = YES;
				IPHONEOS_DEPLOYMENT_TARGET = 16.0;
				LOCALIZATION_PREFERS_STRING_CATALOGS = YES;
				MTL_ENABLE_DEBUG_INFO = NO;
				MTL_FAST_MATH = YES;
				SDKROOT = iphoneos;
				SWIFT_COMPILATION_MODE = wholemodule;
				VALIDATE_PRODUCT = YES;
			};
			name = Release;
		};
		9D30432A2B4A433E005C16C5 /* Debug */ = {
			isa = XCBuildConfiguration;
			buildSettings = {
				ASSETCATALOG_COMPILER_APPICON_NAME = AppIcon;
				ASSETCATALOG_COMPILER_GLOBAL_ACCENT_COLOR_NAME = AccentColor;
				CODE_SIGN_STYLE = Automatic;
				CURRENT_PROJECT_VERSION = 1;
				GENERATE_INFOPLIST_FILE = YES;
				INFOPLIST_FILE = Chat/MainResources/Info.plist;
				INFOPLIST_KEY_UIApplicationSupportsIndirectInputEvents = YES;
				INFOPLIST_KEY_UILaunchStoryboardName = LaunchScreen;
				INFOPLIST_KEY_UISupportedInterfaceOrientations_iPad = "UIInterfaceOrientationPortrait UIInterfaceOrientationPortraitUpsideDown UIInterfaceOrientationLandscapeLeft UIInterfaceOrientationLandscapeRight";
				INFOPLIST_KEY_UISupportedInterfaceOrientations_iPhone = "UIInterfaceOrientationPortrait UIInterfaceOrientationLandscapeLeft UIInterfaceOrientationLandscapeRight";
				IPHONEOS_DEPLOYMENT_TARGET = 16.0;
				LD_RUNPATH_SEARCH_PATHS = (
					"$(inherited)",
					"@executable_path/Frameworks",
				);
				MARKETING_VERSION = 1.0;
				PRODUCT_BUNDLE_IDENTIFIER = com.maheshwaran.Chat;
				PRODUCT_NAME = "$(TARGET_NAME)";
				SWIFT_EMIT_LOC_STRINGS = YES;
				SWIFT_VERSION = 5.0;
				TARGETED_DEVICE_FAMILY = "1,2";
			};
			name = Debug;
		};
		9D30432B2B4A433E005C16C5 /* Release */ = {
			isa = XCBuildConfiguration;
			buildSettings = {
				ASSETCATALOG_COMPILER_APPICON_NAME = AppIcon;
				ASSETCATALOG_COMPILER_GLOBAL_ACCENT_COLOR_NAME = AccentColor;
				CODE_SIGN_STYLE = Automatic;
				CURRENT_PROJECT_VERSION = 1;
				GENERATE_INFOPLIST_FILE = YES;
				INFOPLIST_FILE = Chat/MainResources/Info.plist;
				INFOPLIST_KEY_UIApplicationSupportsIndirectInputEvents = YES;
				INFOPLIST_KEY_UILaunchStoryboardName = LaunchScreen;
				INFOPLIST_KEY_UISupportedInterfaceOrientations_iPad = "UIInterfaceOrientationPortrait UIInterfaceOrientationPortraitUpsideDown UIInterfaceOrientationLandscapeLeft UIInterfaceOrientationLandscapeRight";
				INFOPLIST_KEY_UISupportedInterfaceOrientations_iPhone = "UIInterfaceOrientationPortrait UIInterfaceOrientationLandscapeLeft UIInterfaceOrientationLandscapeRight";
				IPHONEOS_DEPLOYMENT_TARGET = 16.0;
				LD_RUNPATH_SEARCH_PATHS = (
					"$(inherited)",
					"@executable_path/Frameworks",
				);
				MARKETING_VERSION = 1.0;
				PRODUCT_BUNDLE_IDENTIFIER = com.maheshwaran.Chat;
				PRODUCT_NAME = "$(TARGET_NAME)";
				SWIFT_EMIT_LOC_STRINGS = YES;
				SWIFT_VERSION = 5.0;
				TARGETED_DEVICE_FAMILY = "1,2";
			};
			name = Release;
		};
/* End XCBuildConfiguration section */

/* Begin XCConfigurationList section */
		9D3043102B4A433D005C16C5 /* Build configuration list for PBXProject "Chat" */ = {
			isa = XCConfigurationList;
			buildConfigurations = (
				9D3043272B4A433E005C16C5 /* Debug */,
				9D3043282B4A433E005C16C5 /* Release */,
			);
			defaultConfigurationIsVisible = 0;
			defaultConfigurationName = Release;
		};
		9D3043292B4A433E005C16C5 /* Build configuration list for PBXNativeTarget "Chat" */ = {
			isa = XCConfigurationList;
			buildConfigurations = (
				9D30432A2B4A433E005C16C5 /* Debug */,
				9D30432B2B4A433E005C16C5 /* Release */,
			);
			defaultConfigurationIsVisible = 0;
			defaultConfigurationName = Release;
		};
/* End XCConfigurationList section */

/* Begin XCRemoteSwiftPackageReference section */
		9D3043302B4A48AA005C16C5 /* XCRemoteSwiftPackageReference "firebase-ios-sdk" */ = {
			isa = XCRemoteSwiftPackageReference;
			repositoryURL = "https://github.com/firebase/firebase-ios-sdk";
			requirement = {
				kind = exactVersion;
				version = 10.19.1;
			};
		};
/* End XCRemoteSwiftPackageReference section */

/* Begin XCSwiftPackageProductDependency section */
		9D3043312B4A48AA005C16C5 /* FirebaseAnalytics */ = {
			isa = XCSwiftPackageProductDependency;
			package = 9D3043302B4A48AA005C16C5 /* XCRemoteSwiftPackageReference "firebase-ios-sdk" */;
			productName = FirebaseAnalytics;
		};
		9D3043332B4A48AA005C16C5 /* FirebaseAnalyticsOnDeviceConversion */ = {
			isa = XCSwiftPackageProductDependency;
			package = 9D3043302B4A48AA005C16C5 /* XCRemoteSwiftPackageReference "firebase-ios-sdk" */;
			productName = FirebaseAnalyticsOnDeviceConversion;
		};
		9D3043352B4A48AA005C16C5 /* FirebaseAnalyticsSwift */ = {
			isa = XCSwiftPackageProductDependency;
			package = 9D3043302B4A48AA005C16C5 /* XCRemoteSwiftPackageReference "firebase-ios-sdk" */;
			productName = FirebaseAnalyticsSwift;
		};
		9D3043372B4A48AA005C16C5 /* FirebaseAnalyticsWithoutAdIdSupport */ = {
			isa = XCSwiftPackageProductDependency;
			package = 9D3043302B4A48AA005C16C5 /* XCRemoteSwiftPackageReference "firebase-ios-sdk" */;
			productName = FirebaseAnalyticsWithoutAdIdSupport;
		};
		9D3043392B4A48AA005C16C5 /* FirebaseAppCheck */ = {
			isa = XCSwiftPackageProductDependency;
			package = 9D3043302B4A48AA005C16C5 /* XCRemoteSwiftPackageReference "firebase-ios-sdk" */;
			productName = FirebaseAppCheck;
		};
		9D30433B2B4A48AA005C16C5 /* FirebaseAppDistribution-Beta */ = {
			isa = XCSwiftPackageProductDependency;
			package = 9D3043302B4A48AA005C16C5 /* XCRemoteSwiftPackageReference "firebase-ios-sdk" */;
			productName = "FirebaseAppDistribution-Beta";
		};
		9D30433D2B4A48AA005C16C5 /* FirebaseAuth */ = {
			isa = XCSwiftPackageProductDependency;
			package = 9D3043302B4A48AA005C16C5 /* XCRemoteSwiftPackageReference "firebase-ios-sdk" */;
			productName = FirebaseAuth;
		};
		9D30433F2B4A48AA005C16C5 /* FirebaseAuthCombine-Community */ = {
			isa = XCSwiftPackageProductDependency;
			package = 9D3043302B4A48AA005C16C5 /* XCRemoteSwiftPackageReference "firebase-ios-sdk" */;
			productName = "FirebaseAuthCombine-Community";
		};
		9D3043412B4A48AA005C16C5 /* FirebaseCrashlytics */ = {
			isa = XCSwiftPackageProductDependency;
			package = 9D3043302B4A48AA005C16C5 /* XCRemoteSwiftPackageReference "firebase-ios-sdk" */;
			productName = FirebaseCrashlytics;
		};
		9D3043432B4A48AA005C16C5 /* FirebaseDatabase */ = {
			isa = XCSwiftPackageProductDependency;
			package = 9D3043302B4A48AA005C16C5 /* XCRemoteSwiftPackageReference "firebase-ios-sdk" */;
			productName = FirebaseDatabase;
		};
		9D3043452B4A48AA005C16C5 /* FirebaseDatabaseSwift */ = {
			isa = XCSwiftPackageProductDependency;
			package = 9D3043302B4A48AA005C16C5 /* XCRemoteSwiftPackageReference "firebase-ios-sdk" */;
			productName = FirebaseDatabaseSwift;
		};
		9D3043472B4A48AA005C16C5 /* FirebaseDynamicLinks */ = {
			isa = XCSwiftPackageProductDependency;
			package = 9D3043302B4A48AA005C16C5 /* XCRemoteSwiftPackageReference "firebase-ios-sdk" */;
			productName = FirebaseDynamicLinks;
		};
		9D3043492B4A48AA005C16C5 /* FirebaseFirestore */ = {
			isa = XCSwiftPackageProductDependency;
			package = 9D3043302B4A48AA005C16C5 /* XCRemoteSwiftPackageReference "firebase-ios-sdk" */;
			productName = FirebaseFirestore;
		};
		9D30434B2B4A48AA005C16C5 /* FirebaseFirestoreCombine-Community */ = {
			isa = XCSwiftPackageProductDependency;
			package = 9D3043302B4A48AA005C16C5 /* XCRemoteSwiftPackageReference "firebase-ios-sdk" */;
			productName = "FirebaseFirestoreCombine-Community";
		};
		9D30434D2B4A48AA005C16C5 /* FirebaseFirestoreSwift */ = {
			isa = XCSwiftPackageProductDependency;
			package = 9D3043302B4A48AA005C16C5 /* XCRemoteSwiftPackageReference "firebase-ios-sdk" */;
			productName = FirebaseFirestoreSwift;
		};
		9D30434F2B4A48AA005C16C5 /* FirebaseFunctions */ = {
			isa = XCSwiftPackageProductDependency;
			package = 9D3043302B4A48AA005C16C5 /* XCRemoteSwiftPackageReference "firebase-ios-sdk" */;
			productName = FirebaseFunctions;
		};
		9D3043512B4A48AA005C16C5 /* FirebaseFunctionsCombine-Community */ = {
			isa = XCSwiftPackageProductDependency;
			package = 9D3043302B4A48AA005C16C5 /* XCRemoteSwiftPackageReference "firebase-ios-sdk" */;
			productName = "FirebaseFunctionsCombine-Community";
		};
		9D3043532B4A48AA005C16C5 /* FirebaseInAppMessaging-Beta */ = {
			isa = XCSwiftPackageProductDependency;
			package = 9D3043302B4A48AA005C16C5 /* XCRemoteSwiftPackageReference "firebase-ios-sdk" */;
			productName = "FirebaseInAppMessaging-Beta";
		};
		9D3043552B4A48AA005C16C5 /* FirebaseInAppMessagingSwift-Beta */ = {
			isa = XCSwiftPackageProductDependency;
			package = 9D3043302B4A48AA005C16C5 /* XCRemoteSwiftPackageReference "firebase-ios-sdk" */;
			productName = "FirebaseInAppMessagingSwift-Beta";
		};
		9D3043572B4A48AA005C16C5 /* FirebaseInstallations */ = {
			isa = XCSwiftPackageProductDependency;
			package = 9D3043302B4A48AA005C16C5 /* XCRemoteSwiftPackageReference "firebase-ios-sdk" */;
			productName = FirebaseInstallations;
		};
		9D3043592B4A48AA005C16C5 /* FirebaseMLModelDownloader */ = {
			isa = XCSwiftPackageProductDependency;
			package = 9D3043302B4A48AA005C16C5 /* XCRemoteSwiftPackageReference "firebase-ios-sdk" */;
			productName = FirebaseMLModelDownloader;
		};
		9D30435B2B4A48AA005C16C5 /* FirebaseMessaging */ = {
			isa = XCSwiftPackageProductDependency;
			package = 9D3043302B4A48AA005C16C5 /* XCRemoteSwiftPackageReference "firebase-ios-sdk" */;
			productName = FirebaseMessaging;
		};
		9D30435D2B4A48AA005C16C5 /* FirebasePerformance */ = {
			isa = XCSwiftPackageProductDependency;
			package = 9D3043302B4A48AA005C16C5 /* XCRemoteSwiftPackageReference "firebase-ios-sdk" */;
			productName = FirebasePerformance;
		};
		9D30435F2B4A48AA005C16C5 /* FirebaseRemoteConfig */ = {
			isa = XCSwiftPackageProductDependency;
			package = 9D3043302B4A48AA005C16C5 /* XCRemoteSwiftPackageReference "firebase-ios-sdk" */;
			productName = FirebaseRemoteConfig;
		};
		9D3043612B4A48AA005C16C5 /* FirebaseRemoteConfigSwift */ = {
			isa = XCSwiftPackageProductDependency;
			package = 9D3043302B4A48AA005C16C5 /* XCRemoteSwiftPackageReference "firebase-ios-sdk" */;
			productName = FirebaseRemoteConfigSwift;
		};
		9D3043632B4A48AA005C16C5 /* FirebaseStorage */ = {
			isa = XCSwiftPackageProductDependency;
			package = 9D3043302B4A48AA005C16C5 /* XCRemoteSwiftPackageReference "firebase-ios-sdk" */;
			productName = FirebaseStorage;
		};
		9D3043652B4A48AA005C16C5 /* FirebaseStorageCombine-Community */ = {
			isa = XCSwiftPackageProductDependency;
			package = 9D3043302B4A48AA005C16C5 /* XCRemoteSwiftPackageReference "firebase-ios-sdk" */;
			productName = "FirebaseStorageCombine-Community";
		};
/* End XCSwiftPackageProductDependency section */
	};
	rootObject = 9D30430D2B4A433D005C16C5 /* Project object */;
}
